
Microsoft Visual Studio Solution File, Format Version 12.00
# Visual Studio Version 17
VisualStudioVersion = 17.4.33205.214
MinimumVisualStudioVersion = 10.0.40219.1
Project("{9A19103F-16F7-4668-BE54-9A1E7A4F7556}") = "IdentityWithExistingDb.MVC", "IdentityWithExistingDb.MVC\IdentityWithExistingDb.MVC.csproj", "{77C0438F-4B30-4E81-B49E-0850ADDDD50E}"
EndProject
Project("{9A19103F-16F7-4668-BE54-9A1E7A4F7556}") = "IdentityWithExistingDb.Core", "IdentityWithExistingDb.Core\IdentityWithExistingDb.Core\IdentityWithExistingDb.Core.csproj", "{5642FF24-158D-4687-88EE-BA2318F4D84E}"
EndProject
Project("{9A19103F-16F7-4668-BE54-9A1E7A4F7556}") = "IdentityWithExistingDb.EF", "IdentityWithExistingDb.EF\IdentityWithExistingDb.EF.csproj", "{3ADE0D14-DABF-4394-8613-123BD2D012FE}"
EndProject
Global
	GlobalSection(SolutionConfigurationPlatforms) = preSolution
		Debug|Any CPU = Debug|Any CPU
		Release|Any CPU = Release|Any CPU
	EndGlobalSection
	GlobalSection(ProjectConfigurationPlatforms) = postSolution
		{77C0438F-4B30-4E81-B49E-0850ADDDD50E}.Debug|Any CPU.ActiveCfg = Debug|Any CPU
		{77C0438F-4B30-4E81-B49E-0850ADDDD50E}.Debug|Any CPU.Build.0 = Debug|Any CPU
		{77C0438F-4B30-4E81-B49E-0850ADDDD50E}.Release|Any CPU.ActiveCfg = Release|Any CPU
		{77C0438F-4B30-4E81-B49E-0850ADDDD50E}.Release|Any CPU.Build.0 = Release|Any CPU
		{5642FF24-158D-4687-88EE-BA2318F4D84E}.Debug|Any CPU.ActiveCfg = Debug|Any CPU
		{5642FF24-158D-4687-88EE-BA2318F4D84E}.Debug|Any CPU.Build.0 = Debug|Any CPU
		{5642FF24-158D-4687-88EE-BA2318F4D84E}.Release|Any CPU.ActiveCfg = Release|Any CPU
		{5642FF24-158D-4687-88EE-BA2318F4D84E}.Release|Any CPU.Build.0 = Release|Any CPU
		{3ADE0D14-DABF-4394-8613-123BD2D012FE}.Debug|Any CPU.ActiveCfg = Debug|Any CPU
		{3ADE0D14-DABF-4394-8613-123BD2D012FE}.Debug|Any CPU.Build.0 = Debug|Any CPU
		{3ADE0D14-DABF-4394-8613-123BD2D012FE}.Release|Any CPU.ActiveCfg = Release|Any CPU
		{3ADE0D14-DABF-4394-8613-123BD2D012FE}.Release|Any CPU.Build.0 = Release|Any CPU
	EndGlobalSection
	GlobalSection(SolutionProperties) = preSolution
		HideSolutionNode = FALSE
	EndGlobalSection
	GlobalSection(ExtensibilityGlobals) = postSolution
		SolutionGuid = {7B83EAF1-8B97-4754-91DE-13F986E03074}
	EndGlobalSection
EndGlobal
